
Microsoft Visual Studio Solution File, Format Version 12.00
# Visual Studio Version 17
VisualStudioVersion = 17.9.34728.123
MinimumVisualStudioVersion = 10.0.40219.1
Project("{9A19103F-16F7-4668-BE54-9A1E7A4F7556}") = "NotesSharingApi", "NotesSharingApi\NotesSharingApi.csproj", "{FC0D6F97-75AE-486B-B7C3-67C69F9A0E8E}"
EndProject
Project("{9A19103F-16F7-4668-BE54-9A1E7A4F7556}") = "Database", "Database\Database.csproj", "{65EC3169-9D50-4379-8589-EC7BCFE7432F}"
EndProject
Project("{9A19103F-16F7-4668-BE54-9A1E7A4F7556}") = "DataModels", "DataModels\DataModels.csproj", "{7B9EE43E-8001-4E59-9374-5CFF1EE3C89E}"
EndProject
Project("{FAE04EC0-301F-11D3-BF4B-00C04F79EFBC}") = "Utils", "Utils\Utils.csproj", "{6CA98BBC-EAE4-47DD-B800-1E5A2E623294}"
EndProject
Global
	GlobalSection(SolutionConfigurationPlatforms) = preSolution
		Debug|Any CPU = Debug|Any CPU
		Release|Any CPU = Release|Any CPU
	EndGlobalSection
	GlobalSection(ProjectConfigurationPlatforms) = postSolution
		{FC0D6F97-75AE-486B-B7C3-67C69F9A0E8E}.Debug|Any CPU.ActiveCfg = Debug|Any CPU
		{FC0D6F97-75AE-486B-B7C3-67C69F9A0E8E}.Debug|Any CPU.Build.0 = Debug|Any CPU
		{FC0D6F97-75AE-486B-B7C3-67C69F9A0E8E}.Release|Any CPU.ActiveCfg = Release|Any CPU
		{FC0D6F97-75AE-486B-B7C3-67C69F9A0E8E}.Release|Any CPU.Build.0 = Release|Any CPU
		{65EC3169-9D50-4379-8589-EC7BCFE7432F}.Debug|Any CPU.ActiveCfg = Debug|Any CPU
		{65EC3169-9D50-4379-8589-EC7BCFE7432F}.Debug|Any CPU.Build.0 = Debug|Any CPU
		{65EC3169-9D50-4379-8589-EC7BCFE7432F}.Release|Any CPU.ActiveCfg = Release|Any CPU
		{65EC3169-9D50-4379-8589-EC7BCFE7432F}.Release|Any CPU.Build.0 = Release|Any CPU
		{7B9EE43E-8001-4E59-9374-5CFF1EE3C89E}.Debug|Any CPU.ActiveCfg = Debug|Any CPU
		{7B9EE43E-8001-4E59-9374-5CFF1EE3C89E}.Debug|Any CPU.Build.0 = Debug|Any CPU
		{7B9EE43E-8001-4E59-9374-5CFF1EE3C89E}.Release|Any CPU.ActiveCfg = Release|Any CPU
		{7B9EE43E-8001-4E59-9374-5CFF1EE3C89E}.Release|Any CPU.Build.0 = Release|Any CPU
		{6CA98BBC-EAE4-47DD-B800-1E5A2E623294}.Debug|Any CPU.ActiveCfg = Debug|Any CPU
		{6CA98BBC-EAE4-47DD-B800-1E5A2E623294}.Debug|Any CPU.Build.0 = Debug|Any CPU
		{6CA98BBC-EAE4-47DD-B800-1E5A2E623294}.Release|Any CPU.ActiveCfg = Release|Any CPU
		{6CA98BBC-EAE4-47DD-B800-1E5A2E623294}.Release|Any CPU.Build.0 = Release|Any CPU
	EndGlobalSection
	GlobalSection(SolutionProperties) = preSolution
		HideSolutionNode = FALSE
	EndGlobalSection
	GlobalSection(ExtensibilityGlobals) = postSolution
		SolutionGuid = {7D0C6F3E-5147-45A9-BC00-56996E03BD2D}
	EndGlobalSection
EndGlobal
